
Microsoft Visual Studio Solution File, Format Version 12.00
# Visual Studio Version 17
VisualStudioVersion = 17.8.34330.188
MinimumVisualStudioVersion = 10.0.40219.1
Project("{FAE04EC0-301F-11D3-BF4B-00C04F79EFBC}") = "excelSharp", "excelSharp\excelSharp.csproj", "{F4C8E1FD-522A-4DB6-8E81-FD29E3FDFCDC}"
EndProject
Global
	GlobalSection(SolutionConfigurationPlatforms) = preSolution
		Debug|Any CPU = Debug|Any CPU
		Release|Any CPU = Release|Any CPU
	EndGlobalSection
	GlobalSection(ProjectConfigurationPlatforms) = postSolution
		{F4C8E1FD-522A-4DB6-8E81-FD29E3FDFCDC}.Debug|Any CPU.ActiveCfg = Debug|Any CPU
		{F4C8E1FD-522A-4DB6-8E81-FD29E3FDFCDC}.Debug|Any CPU.Build.0 = Debug|Any CPU
		{F4C8E1FD-522A-4DB6-8E81-FD29E3FDFCDC}.Release|Any CPU.ActiveCfg = Release|Any CPU
		{F4C8E1FD-522A-4DB6-8E81-FD29E3FDFCDC}.Release|Any CPU.Build.0 = Release|Any CPU
	EndGlobalSection
	GlobalSection(SolutionProperties) = preSolution
		HideSolutionNode = FALSE
	EndGlobalSection
	GlobalSection(ExtensibilityGlobals) = postSolution
		SolutionGuid = {FAB01B78-D402-41D1-B6F8-F3D3A5BF1A93}
	EndGlobalSection
EndGlobal
